{
  "name": "ng-cedula-panama",
  "version": "1.0.0",
  "lockfileVersion": 1,
  "requires": true,
  "dependencies": {
    "cedula-panama": {
      "version": "1.0.0",
      "resolved": "https://registry.npmjs.org/cedula-panama/-/cedula-panama-1.0.0.tgz",
      "integrity": "sha1-JPtPonlhJeo8PXqg0euxXJSjv/E="
    }
  }
}
